
Microsoft Visual Studio Solution File, Format Version 12.00
# Visual Studio Version 16
VisualStudioVersion = 16.0.29911.84
MinimumVisualStudioVersion = 10.0.40219.1
Project("{FAE04EC0-301F-11D3-BF4B-00C04F79EFBC}") = "Parser", "Parser\Parser.csproj", "{87EADA58-418B-425A-9152-71CFF235B7D4}"
EndProject
Global
	GlobalSection(SolutionConfigurationPlatforms) = preSolution
		Debug|Any CPU = Debug|Any CPU
		Release|Any CPU = Release|Any CPU
	EndGlobalSection
	GlobalSection(ProjectConfigurationPlatforms) = postSolution
		{87EADA58-418B-425A-9152-71CFF235B7D4}.Debug|Any CPU.ActiveCfg = Debug|Any CPU
		{87EADA58-418B-425A-9152-71CFF235B7D4}.Debug|Any CPU.Build.0 = Debug|Any CPU
		{87EADA58-418B-425A-9152-71CFF235B7D4}.Release|Any CPU.ActiveCfg = Release|Any CPU
		{87EADA58-418B-425A-9152-71CFF235B7D4}.Release|Any CPU.Build.0 = Release|Any CPU
	EndGlobalSection
	GlobalSection(SolutionProperties) = preSolution
		HideSolutionNode = FALSE
	EndGlobalSection
	GlobalSection(ExtensibilityGlobals) = postSolution
		SolutionGuid = {01ACC664-1006-4524-AEBC-7894D731F760}
	EndGlobalSection
EndGlobal
